
Microsoft Visual Studio Solution File, Format Version 12.00
# Visual Studio Version 16
VisualStudioVersion = 16.0.29609.76
MinimumVisualStudioVersion = 10.0.40219.1
Project("{FAE04EC0-301F-11D3-BF4B-00C04F79EFBC}") = "MLRecommandMovieConsole", "MLRecommandMovieConsole\MLRecommandMovieConsole.csproj", "{92FDB8DC-AA3D-4FE3-BEB7-136262FED75C}"
EndProject
Global
	GlobalSection(SolutionConfigurationPlatforms) = preSolution
		Debug|Any CPU = Debug|Any CPU
		Release|Any CPU = Release|Any CPU
	EndGlobalSection
	GlobalSection(ProjectConfigurationPlatforms) = postSolution
		{92FDB8DC-AA3D-4FE3-BEB7-136262FED75C}.Debug|Any CPU.ActiveCfg = Debug|Any CPU
		{92FDB8DC-AA3D-4FE3-BEB7-136262FED75C}.Debug|Any CPU.Build.0 = Debug|Any CPU
		{92FDB8DC-AA3D-4FE3-BEB7-136262FED75C}.Release|Any CPU.ActiveCfg = Release|Any CPU
		{92FDB8DC-AA3D-4FE3-BEB7-136262FED75C}.Release|Any CPU.Build.0 = Release|Any CPU
	EndGlobalSection
	GlobalSection(SolutionProperties) = preSolution
		HideSolutionNode = FALSE
	EndGlobalSection
	GlobalSection(ExtensibilityGlobals) = postSolution
		SolutionGuid = {A6949CFB-0C81-49DF-91EC-125293F5A161}
	EndGlobalSection
EndGlobal
